
Microsoft Visual Studio Solution File, Format Version 12.00
# Visual Studio 15
VisualStudioVersion = 15.0.28010.2026
MinimumVisualStudioVersion = 10.0.40219.1
Project("{9B56FCB0-63B4-404F-8A09-42EF52B53347}") = "BastaDemo2018", "BastaDemo2018\BastaDemo2018.sfaproj", "{3FA1E33E-372E-488E-8AA9-36F060E70F8A}"
EndProject
Project("{FAE04EC0-301F-11D3-BF4B-00C04F79EFBC}") = "Platform", "Platform\Platform.csproj", "{113B42AA-F700-4C92-BEF6-92842497AFF0}"
EndProject
Project("{FAE04EC0-301F-11D3-BF4B-00C04F79EFBC}") = "RestaurantService", "RestaurantService\RestaurantService.csproj", "{4DA01DC7-ED79-4CCA-B185-F840F11CF0CF}"
EndProject
Global
	GlobalSection(SolutionConfigurationPlatforms) = preSolution
		Debug|Any CPU = Debug|Any CPU
		Release|Any CPU = Release|Any CPU
	EndGlobalSection
	GlobalSection(ProjectConfigurationPlatforms) = postSolution
		{3FA1E33E-372E-488E-8AA9-36F060E70F8A}.Debug|Any CPU.ActiveCfg = Debug|Any CPU
		{3FA1E33E-372E-488E-8AA9-36F060E70F8A}.Debug|Any CPU.Build.0 = Debug|Any CPU
		{3FA1E33E-372E-488E-8AA9-36F060E70F8A}.Release|Any CPU.ActiveCfg = Release|Any CPU
		{3FA1E33E-372E-488E-8AA9-36F060E70F8A}.Release|Any CPU.Build.0 = Release|Any CPU
		{113B42AA-F700-4C92-BEF6-92842497AFF0}.Debug|Any CPU.ActiveCfg = Debug|Any CPU
		{113B42AA-F700-4C92-BEF6-92842497AFF0}.Debug|Any CPU.Build.0 = Debug|Any CPU
		{113B42AA-F700-4C92-BEF6-92842497AFF0}.Release|Any CPU.ActiveCfg = Release|Any CPU
		{113B42AA-F700-4C92-BEF6-92842497AFF0}.Release|Any CPU.Build.0 = Release|Any CPU
		{4DA01DC7-ED79-4CCA-B185-F840F11CF0CF}.Debug|Any CPU.ActiveCfg = Debug|Any CPU
		{4DA01DC7-ED79-4CCA-B185-F840F11CF0CF}.Debug|Any CPU.Build.0 = Debug|Any CPU
		{4DA01DC7-ED79-4CCA-B185-F840F11CF0CF}.Release|Any CPU.ActiveCfg = Release|Any CPU
		{4DA01DC7-ED79-4CCA-B185-F840F11CF0CF}.Release|Any CPU.Build.0 = Release|Any CPU
	EndGlobalSection
	GlobalSection(SolutionProperties) = preSolution
		HideSolutionNode = FALSE
	EndGlobalSection
	GlobalSection(ExtensibilityGlobals) = postSolution
		SolutionGuid = {9E6B2F38-47E1-4BD1-A710-88A24A2BD0B7}
	EndGlobalSection
EndGlobal
